
Microsoft Visual Studio Solution File, Format Version 12.00
# Visual Studio Version 16
VisualStudioVersion = 16.0.29230.47
MinimumVisualStudioVersion = 10.0.40219.1
Project("{8BC9CEB8-8B4A-11D0-8D11-00A0C91BC942}") = "Copilot", "Copilot\Copilot.vcxproj", "{52F5E5ED-8CCB-4073-8D51-EBCE019BA951}"
	ProjectSection(ProjectDependencies) = postProject
		{66DC46AF-0FCD-4531-B419-930232108FB7} = {66DC46AF-0FCD-4531-B419-930232108FB7}
		{83E54AC0-4BF7-4A32-90DA-9C0D37A50D6F} = {83E54AC0-4BF7-4A32-90DA-9C0D37A50D6F}
	EndProjectSection
EndProject
Project("{8BC9CEB8-8B4A-11D0-8D11-00A0C91BC942}") = "socket", "socket\socket.vcxproj", "{66DC46AF-0FCD-4531-B419-930232108FB7}"
EndProject
Project("{8BC9CEB8-8B4A-11D0-8D11-00A0C91BC942}") = "mime", "mime\mime.vcxproj", "{83E54AC0-4BF7-4A32-90DA-9C0D37A50D6F}"
EndProject
Global
	GlobalSection(SolutionConfigurationPlatforms) = preSolution
		Debug|x64 = Debug|x64
		Debug|x86 = Debug|x86
		Release|x64 = Release|x64
		Release|x86 = Release|x86
	EndGlobalSection
	GlobalSection(ProjectConfigurationPlatforms) = postSolution
		{52F5E5ED-8CCB-4073-8D51-EBCE019BA951}.Debug|x64.ActiveCfg = Debug|x64
		{52F5E5ED-8CCB-4073-8D51-EBCE019BA951}.Debug|x64.Build.0 = Debug|x64
		{52F5E5ED-8CCB-4073-8D51-EBCE019BA951}.Debug|x86.ActiveCfg = Debug|Win32
		{52F5E5ED-8CCB-4073-8D51-EBCE019BA951}.Debug|x86.Build.0 = Debug|Win32
		{52F5E5ED-8CCB-4073-8D51-EBCE019BA951}.Release|x64.ActiveCfg = Release|x64
		{52F5E5ED-8CCB-4073-8D51-EBCE019BA951}.Release|x64.Build.0 = Release|x64
		{52F5E5ED-8CCB-4073-8D51-EBCE019BA951}.Release|x86.ActiveCfg = Release|Win32
		{52F5E5ED-8CCB-4073-8D51-EBCE019BA951}.Release|x86.Build.0 = Release|Win32
		{66DC46AF-0FCD-4531-B419-930232108FB7}.Debug|x64.ActiveCfg = Debug|x64
		{66DC46AF-0FCD-4531-B419-930232108FB7}.Debug|x64.Build.0 = Debug|x64
		{66DC46AF-0FCD-4531-B419-930232108FB7}.Debug|x86.ActiveCfg = Debug|Win32
		{66DC46AF-0FCD-4531-B419-930232108FB7}.Debug|x86.Build.0 = Debug|Win32
		{66DC46AF-0FCD-4531-B419-930232108FB7}.Release|x64.ActiveCfg = Release|x64
		{66DC46AF-0FCD-4531-B419-930232108FB7}.Release|x64.Build.0 = Release|x64
		{66DC46AF-0FCD-4531-B419-930232108FB7}.Release|x86.ActiveCfg = Release|Win32
		{66DC46AF-0FCD-4531-B419-930232108FB7}.Release|x86.Build.0 = Release|Win32
		{83E54AC0-4BF7-4A32-90DA-9C0D37A50D6F}.Debug|x64.ActiveCfg = Debug|x64
		{83E54AC0-4BF7-4A32-90DA-9C0D37A50D6F}.Debug|x64.Build.0 = Debug|x64
		{83E54AC0-4BF7-4A32-90DA-9C0D37A50D6F}.Debug|x86.ActiveCfg = Debug|Win32
		{83E54AC0-4BF7-4A32-90DA-9C0D37A50D6F}.Debug|x86.Build.0 = Debug|Win32
		{83E54AC0-4BF7-4A32-90DA-9C0D37A50D6F}.Release|x64.ActiveCfg = Release|x64
		{83E54AC0-4BF7-4A32-90DA-9C0D37A50D6F}.Release|x64.Build.0 = Release|x64
		{83E54AC0-4BF7-4A32-90DA-9C0D37A50D6F}.Release|x86.ActiveCfg = Release|Win32
		{83E54AC0-4BF7-4A32-90DA-9C0D37A50D6F}.Release|x86.Build.0 = Release|Win32
	EndGlobalSection
	GlobalSection(SolutionProperties) = preSolution
		HideSolutionNode = FALSE
	EndGlobalSection
	GlobalSection(ExtensibilityGlobals) = postSolution
		SolutionGuid = {2F70007C-9ABB-4928-878A-F51305FE6F00}
	EndGlobalSection
EndGlobal
